// !$*UTF8*$!
{
	archiveVersion = 1;
	classes = {
	};
	objectVersion = 46;
	objects = {

/* Begin PBXBuildFile section */
		EA16BDE01B19516400FA1FD9 /* Bolts.framework in Frameworks */ = {isa = PBXBuildFile; fileRef = EA16BDDA1B19516400FA1FD9 /* Bolts.framework */; };
		EA16BDE11B19516400FA1FD9 /* Parse.framework in Frameworks */ = {isa = PBXBuildFile; fileRef = EA16BDDB1B19516400FA1FD9 /* Parse.framework */; };
		EA16BDE21B19516400FA1FD9 /* ParseCrashReporting.framework in Frameworks */ = {isa = PBXBuildFile; fileRef = EA16BDDC1B19516400FA1FD9 /* ParseCrashReporting.framework */; };
		EA16BDE31B19516400FA1FD9 /* ParseFacebookUtils.framework in Frameworks */ = {isa = PBXBuildFile; fileRef = EA16BDDD1B19516400FA1FD9 /* ParseFacebookUtils.framework */; };
		EA16BDE41B19516400FA1FD9 /* ParseFacebookUtilsV4.framework in Frameworks */ = {isa = PBXBuildFile; fileRef = EA16BDDE1B19516400FA1FD9 /* ParseFacebookUtilsV4.framework */; };
		EA16BDE51B19516400FA1FD9 /* ParseUI.framework in Frameworks */ = {isa = PBXBuildFile; fileRef = EA16BDDF1B19516400FA1FD9 /* ParseUI.framework */; };
		EA16BDE71B1951AB00FA1FD9 /* AudioToolbox.framework in Frameworks */ = {isa = PBXBuildFile; fileRef = EA16BDE61B1951AB00FA1FD9 /* AudioToolbox.framework */; };
		EA16BDE91B1951B100FA1FD9 /* CFNetwork.framework in Frameworks */ = {isa = PBXBuildFile; fileRef = EA16BDE81B1951B100FA1FD9 /* CFNetwork.framework */; };
		EA16BDEB1B1951B700FA1FD9 /* CoreGraphics.framework in Frameworks */ = {isa = PBXBuildFile; fileRef = EA16BDEA1B1951B700FA1FD9 /* CoreGraphics.framework */; };
		EA16BDED1B1951BD00FA1FD9 /* CoreLocation.framework in Frameworks */ = {isa = PBXBuildFile; fileRef = EA16BDEC1B1951BD00FA1FD9 /* CoreLocation.framework */; };
		EA16BDEF1B1951C500FA1FD9 /* MobileCoreServices.framework in Frameworks */ = {isa = PBXBuildFile; fileRef = EA16BDEE1B1951C500FA1FD9 /* MobileCoreServices.framework */; };
		EA16BDF11B1951CC00FA1FD9 /* QuartzCore.framework in Frameworks */ = {isa = PBXBuildFile; fileRef = EA16BDF01B1951CC00FA1FD9 /* QuartzCore.framework */; };
		EA16BDF31B1951D400FA1FD9 /* Security.framework in Frameworks */ = {isa = PBXBuildFile; fileRef = EA16BDF21B1951D400FA1FD9 /* Security.framework */; };
		EA16BDF51B1951DA00FA1FD9 /* StoreKit.framework in Frameworks */ = {isa = PBXBuildFile; fileRef = EA16BDF41B1951DA00FA1FD9 /* StoreKit.framework */; };
		EA16BDF71B1951E100FA1FD9 /* SystemConfiguration.framework in Frameworks */ = {isa = PBXBuildFile; fileRef = EA16BDF61B1951E100FA1FD9 /* SystemConfiguration.framework */; };
		EA16BDF91B1951EC00FA1FD9 /* libz.dylib in Frameworks */ = {isa = PBXBuildFile; fileRef = EA16BDF81B1951EC00FA1FD9 /* libz.dylib */; };
		EA16BDFB1B1951F400FA1FD9 /* libsqlite3.dylib in Frameworks */ = {isa = PBXBuildFile; fileRef = EA16BDFA1B1951F400FA1FD9 /* libsqlite3.dylib */; };
		EA829C061B0CF71F0016E201 /* WordLabel.m in Sources */ = {isa = PBXBuildFile; fileRef = EA829C051B0CF71F0016E201 /* WordLabel.m */; };
		EA829C091B0CFB3D0016E201 /* GameView.m in Sources */ = {isa = PBXBuildFile; fileRef = EA829C081B0CFB3D0016E201 /* GameView.m */; };
		EA829C211B0D00720016E201 /* ProximaNova-Black.otf in Resources */ = {isa = PBXBuildFile; fileRef = EA829C0A1B0CFFE00016E201 /* ProximaNova-Black.otf */; };
		EA829C221B0D00750016E201 /* ProximaNova-Bold.otf in Resources */ = {isa = PBXBuildFile; fileRef = EA829C0B1B0CFFE00016E201 /* ProximaNova-Bold.otf */; };
		EA829C231B0D00750016E201 /* ProximaNova-BoldIt.otf in Resources */ = {isa = PBXBuildFile; fileRef = EA829C0C1B0CFFE00016E201 /* ProximaNova-BoldIt.otf */; };
		EA829C241B0D00750016E201 /* ProximaNova-Extrabold.otf in Resources */ = {isa = PBXBuildFile; fileRef = EA829C0D1B0CFFE00016E201 /* ProximaNova-Extrabold.otf */; };
		EA829C251B0D00750016E201 /* ProximaNova-Light.otf in Resources */ = {isa = PBXBuildFile; fileRef = EA829C0E1B0CFFE00016E201 /* ProximaNova-Light.otf */; };
		EA829C261B0D00750016E201 /* ProximaNova-LightItalic.otf in Resources */ = {isa = PBXBuildFile; fileRef = EA829C0F1B0CFFE00016E201 /* ProximaNova-LightItalic.otf */; };
		EA829C271B0D00750016E201 /* ProximaNova-RegItalic.otf in Resources */ = {isa = PBXBuildFile; fileRef = EA829C101B0CFFE00016E201 /* ProximaNova-RegItalic.otf */; };
		EA829C281B0D00750016E201 /* ProximaNova-Regular.otf in Resources */ = {isa = PBXBuildFile; fileRef = EA829C111B0CFFE00016E201 /* ProximaNova-Regular.otf */; };
		EA829C291B0D00750016E201 /* ProximaNova-RegularItalic.otf in Resources */ = {isa = PBXBuildFile; fileRef = EA829C121B0CFFE00016E201 /* ProximaNova-RegularItalic.otf */; };
		EA829C2A1B0D00750016E201 /* ProximaNova-Semibold.otf in Resources */ = {isa = PBXBuildFile; fileRef = EA829C131B0CFFE00016E201 /* ProximaNova-Semibold.otf */; };
		EA829C2B1B0D00750016E201 /* ProximaNova-SemiboldItalic.otf in Resources */ = {isa = PBXBuildFile; fileRef = EA829C141B0CFFE00016E201 /* ProximaNova-SemiboldItalic.otf */; };
		EAC202821B137D60001C6692 /* wordPacks.json in Resources */ = {isa = PBXBuildFile; fileRef = EAC202811B137D60001C6692 /* wordPacks.json */; };
		EAC202891B1380E2001C6692 /* locations.json in Resources */ = {isa = PBXBuildFile; fileRef = EAC202841B1380E2001C6692 /* locations.json */; };
		EAC2028E1B14CFBD001C6692 /* NSMutableArray+Shuffling.m in Sources */ = {isa = PBXBuildFile; fileRef = EAC2028D1B14CFBD001C6692 /* NSMutableArray+Shuffling.m */; };
		EAC202911B14D823001C6692 /* WordSet.m in Sources */ = {isa = PBXBuildFile; fileRef = EAC202901B14D823001C6692 /* WordSet.m */; };
		EAD35B5C1AC0C9B000D3901A /* Level.m in Sources */ = {isa = PBXBuildFile; fileRef = EAD35B5B1AC0C9B000D3901A /* Level.m */; };
		EAD35B671AC0CBEA00D3901A /* WordPackLoader.m in Sources */ = {isa = PBXBuildFile; fileRef = EAD35B661AC0CBEA00D3901A /* WordPackLoader.m */; };
		EAE48A5B1A83B5AF0086F0B6 /* main.m in Sources */ = {isa = PBXBuildFile; fileRef = EAE48A5A1A83B5AF0086F0B6 /* main.m */; };
		EAE48A5E1A83B5AF0086F0B6 /* AppDelegate.m in Sources */ = {isa = PBXBuildFile; fileRef = EAE48A5D1A83B5AF0086F0B6 /* AppDelegate.m */; };
		EAE48A611A83B5AF0086F0B6 /* GameViewController.m in Sources */ = {isa = PBXBuildFile; fileRef = EAE48A601A83B5AF0086F0B6 /* GameViewController.m */; };
		EAE48A641A83B5AF0086F0B6 /* Main.storyboard in Resources */ = {isa = PBXBuildFile; fileRef = EAE48A621A83B5AF0086F0B6 /* Main.storyboard */; };
		EAE48A661A83B5AF0086F0B6 /* Images.xcassets in Resources */ = {isa = PBXBuildFile; fileRef = EAE48A651A83B5AF0086F0B6 /* Images.xcassets */; };
		EAE48A691A83B5AF0086F0B6 /* LaunchScreen.xib in Resources */ = {isa = PBXBuildFile; fileRef = EAE48A671A83B5AF0086F0B6 /* LaunchScreen.xib */; };
		EAE48A751A83B5AF0086F0B6 /* FridgeWordsTests.m in Sources */ = {isa = PBXBuildFile; fileRef = EAE48A741A83B5AF0086F0B6 /* FridgeWordsTests.m */; };
/* End PBXBuildFile section */

/* Begin PBXContainerItemProxy section */
		EAE48A6F1A83B5AF0086F0B6 /* PBXContainerItemProxy */ = {
			isa = PBXContainerItemProxy;
			containerPortal = EAE48A4D1A83B5AF0086F0B6 /* Project object */;
			proxyType = 1;
			remoteGlobalIDString = EAE48A541A83B5AF0086F0B6;
			remoteInfo = FridgeWords;
		};
/* End PBXContainerItemProxy section */

/* Begin PBXFileReference section */
		EA16BDDA1B19516400FA1FD9 /* Bolts.framework */ = {isa = PBXFileReference; lastKnownFileType = wrapper.framework; path = Bolts.framework; sourceTree = "<group>"; };
		EA16BDDB1B19516400FA1FD9 /* Parse.framework */ = {isa = PBXFileReference; lastKnownFileType = wrapper.framework; path = Parse.framework; sourceTree = "<group>"; };
		EA16BDDC1B19516400FA1FD9 /* ParseCrashReporting.framework */ = {isa = PBXFileReference; lastKnownFileType = wrapper.framework; path = ParseCrashReporting.framework; sourceTree = "<group>"; };
		EA16BDDD1B19516400FA1FD9 /* ParseFacebookUtils.framework */ = {isa = PBXFileReference; lastKnownFileType = wrapper.framework; path = ParseFacebookUtils.framework; sourceTree = "<group>"; };
		EA16BDDE1B19516400FA1FD9 /* ParseFacebookUtilsV4.framework */ = {isa = PBXFileReference; lastKnownFileType = wrapper.framework; path = ParseFacebookUtilsV4.framework; sourceTree = "<group>"; };
		EA16BDDF1B19516400FA1FD9 /* ParseUI.framework */ = {isa = PBXFileReference; lastKnownFileType = wrapper.framework; path = ParseUI.framework; sourceTree = "<group>"; };
		EA16BDE61B1951AB00FA1FD9 /* AudioToolbox.framework */ = {isa = PBXFileReference; lastKnownFileType = wrapper.framework; name = AudioToolbox.framework; path = System/Library/Frameworks/AudioToolbox.framework; sourceTree = SDKROOT; };
		EA16BDE81B1951B100FA1FD9 /* CFNetwork.framework */ = {isa = PBXFileReference; lastKnownFileType = wrapper.framework; name = CFNetwork.framework; path = System/Library/Frameworks/CFNetwork.framework; sourceTree = SDKROOT; };
		EA16BDEA1B1951B700FA1FD9 /* CoreGraphics.framework */ = {isa = PBXFileReference; lastKnownFileType = wrapper.framework; name = CoreGraphics.framework; path = System/Library/Frameworks/CoreGraphics.framework; sourceTree = SDKROOT; };
		EA16BDEC1B1951BD00FA1FD9 /* CoreLocation.framework */ = {isa = PBXFileReference; lastKnownFileType = wrapper.framework; name = CoreLocation.framework; path = System/Library/Frameworks/CoreLocation.framework; sourceTree = SDKROOT; };
		EA16BDEE1B1951C500FA1FD9 /* MobileCoreServices.framework */ = {isa = PBXFileReference; lastKnownFileType = wrapper.framework; name = MobileCoreServices.framework; path = System/Library/Frameworks/MobileCoreServices.framework; sourceTree = SDKROOT; };
		EA16BDF01B1951CC00FA1FD9 /* QuartzCore.framework */ = {isa = PBXFileReference; lastKnownFileType = wrapper.framework; name = QuartzCore.framework; path = System/Library/Frameworks/QuartzCore.framework; sourceTree = SDKROOT; };
		EA16BDF21B1951D400FA1FD9 /* Security.framework */ = {isa = PBXFileReference; lastKnownFileType = wrapper.framework; name = Security.framework; path = System/Library/Frameworks/Security.framework; sourceTree = SDKROOT; };
		EA16BDF41B1951DA00FA1FD9 /* StoreKit.framework */ = {isa = PBXFileReference; lastKnownFileType = wrapper.framework; name = StoreKit.framework; path = System/Library/Frameworks/StoreKit.framework; sourceTree = SDKROOT; };
		EA16BDF61B1951E100FA1FD9 /* SystemConfiguration.framework */ = {isa = PBXFileReference; lastKnownFileType = wrapper.framework; name = SystemConfiguration.framework; path = System/Library/Frameworks/SystemConfiguration.framework; sourceTree = SDKROOT; };
		EA16BDF81B1951EC00FA1FD9 /* libz.dylib */ = {isa = PBXFileReference; lastKnownFileType = "compiled.mach-o.dylib"; name = libz.dylib; path = usr/lib/libz.dylib; sourceTree = SDKROOT; };
		EA16BDFA1B1951F400FA1FD9 /* libsqlite3.dylib */ = {isa = PBXFileReference; lastKnownFileType = "compiled.mach-o.dylib"; name = libsqlite3.dylib; path = usr/lib/libsqlite3.dylib; sourceTree = SDKROOT; };
		EA829C041B0CF71F0016E201 /* WordLabel.h */ = {isa = PBXFileReference; fileEncoding = 4; lastKnownFileType = sourcecode.c.h; path = WordLabel.h; sourceTree = "<group>"; };
		EA829C051B0CF71F0016E201 /* WordLabel.m */ = {isa = PBXFileReference; fileEncoding = 4; lastKnownFileType = sourcecode.c.objc; path = WordLabel.m; sourceTree = "<group>"; };
		EA829C071B0CFB3D0016E201 /* GameView.h */ = {isa = PBXFileReference; fileEncoding = 4; lastKnownFileType = sourcecode.c.h; path = GameView.h; sourceTree = "<group>"; };
		EA829C081B0CFB3D0016E201 /* GameView.m */ = {isa = PBXFileReference; fileEncoding = 4; lastKnownFileType = sourcecode.c.objc; path = GameView.m; sourceTree = "<group>"; };
		EA829C0A1B0CFFE00016E201 /* ProximaNova-Black.otf */ = {isa = PBXFileReference; lastKnownFileType = file; path = "ProximaNova-Black.otf"; sourceTree = "<group>"; };
		EA829C0B1B0CFFE00016E201 /* ProximaNova-Bold.otf */ = {isa = PBXFileReference; lastKnownFileType = file; path = "ProximaNova-Bold.otf"; sourceTree = "<group>"; };
		EA829C0C1B0CFFE00016E201 /* ProximaNova-BoldIt.otf */ = {isa = PBXFileReference; lastKnownFileType = file; path = "ProximaNova-BoldIt.otf"; sourceTree = "<group>"; };
		EA829C0D1B0CFFE00016E201 /* ProximaNova-Extrabold.otf */ = {isa = PBXFileReference; lastKnownFileType = file; path = "ProximaNova-Extrabold.otf"; sourceTree = "<group>"; };
		EA829C0E1B0CFFE00016E201 /* ProximaNova-Light.otf */ = {isa = PBXFileReference; lastKnownFileType = file; path = "ProximaNova-Light.otf"; sourceTree = "<group>"; };
		EA829C0F1B0CFFE00016E201 /* ProximaNova-LightItalic.otf */ = {isa = PBXFileReference; lastKnownFileType = file; path = "ProximaNova-LightItalic.otf"; sourceTree = "<group>"; };
		EA829C101B0CFFE00016E201 /* ProximaNova-RegItalic.otf */ = {isa = PBXFileReference; lastKnownFileType = file; path = "ProximaNova-RegItalic.otf"; sourceTree = "<group>"; };
		EA829C111B0CFFE00016E201 /* ProximaNova-Regular.otf */ = {isa = PBXFileReference; lastKnownFileType = file; path = "ProximaNova-Regular.otf"; sourceTree = "<group>"; };
		EA829C121B0CFFE00016E201 /* ProximaNova-RegularItalic.otf */ = {isa = PBXFileReference; lastKnownFileType = file; path = "ProximaNova-RegularItalic.otf"; sourceTree = "<group>"; };
		EA829C131B0CFFE00016E201 /* ProximaNova-Semibold.otf */ = {isa = PBXFileReference; lastKnownFileType = file; path = "ProximaNova-Semibold.otf"; sourceTree = "<group>"; };
		EA829C141B0CFFE00016E201 /* ProximaNova-SemiboldItalic.otf */ = {isa = PBXFileReference; lastKnownFileType = file; path = "ProximaNova-SemiboldItalic.otf"; sourceTree = "<group>"; };
		EAC202811B137D60001C6692 /* wordPacks.json */ = {isa = PBXFileReference; fileEncoding = 4; lastKnownFileType = text.json; name = wordPacks.json; path = ../wordPacks.json; sourceTree = "<group>"; };
		EAC202841B1380E2001C6692 /* locations.json */ = {isa = PBXFileReference; fileEncoding = 4; lastKnownFileType = text.json; path = locations.json; sourceTree = "<group>"; };
		EAC2028C1B14CFBD001C6692 /* NSMutableArray+Shuffling.h */ = {isa = PBXFileReference; fileEncoding = 4; lastKnownFileType = sourcecode.c.h; name = "NSMutableArray+Shuffling.h"; path = "../NSMutableArray+Shuffling.h"; sourceTree = "<group>"; };
		EAC2028D1B14CFBD001C6692 /* NSMutableArray+Shuffling.m */ = {isa = PBXFileReference; fileEncoding = 4; lastKnownFileType = sourcecode.c.objc; name = "NSMutableArray+Shuffling.m"; path = "../NSMutableArray+Shuffling.m"; sourceTree = "<group>"; };
		EAC2028F1B14D823001C6692 /* WordSet.h */ = {isa = PBXFileReference; fileEncoding = 4; lastKnownFileType = sourcecode.c.h; path = WordSet.h; sourceTree = "<group>"; };
		EAC202901B14D823001C6692 /* WordSet.m */ = {isa = PBXFileReference; fileEncoding = 4; lastKnownFileType = sourcecode.c.objc; path = WordSet.m; sourceTree = "<group>"; };
		EAD35B5A1AC0C9B000D3901A /* Level.h */ = {isa = PBXFileReference; fileEncoding = 4; lastKnownFileType = sourcecode.c.h; path = Level.h; sourceTree = "<group>"; };
		EAD35B5B1AC0C9B000D3901A /* Level.m */ = {isa = PBXFileReference; fileEncoding = 4; lastKnownFileType = sourcecode.c.objc; path = Level.m; sourceTree = "<group>"; };
		EAD35B651AC0CBEA00D3901A /* WordPackLoader.h */ = {isa = PBXFileReference; fileEncoding = 4; lastKnownFileType = sourcecode.c.h; path = WordPackLoader.h; sourceTree = "<group>"; };
		EAD35B661AC0CBEA00D3901A /* WordPackLoader.m */ = {isa = PBXFileReference; fileEncoding = 4; lastKnownFileType = sourcecode.c.objc; path = WordPackLoader.m; sourceTree = "<group>"; };
		EAE48A551A83B5AF0086F0B6 /* PixelPoems.app */ = {isa = PBXFileReference; explicitFileType = wrapper.application; includeInIndex = 0; path = PixelPoems.app; sourceTree = BUILT_PRODUCTS_DIR; };
		EAE48A591A83B5AF0086F0B6 /* Info.plist */ = {isa = PBXFileReference; lastKnownFileType = text.plist.xml; path = Info.plist; sourceTree = "<group>"; };
		EAE48A5A1A83B5AF0086F0B6 /* main.m */ = {isa = PBXFileReference; lastKnownFileType = sourcecode.c.objc; path = main.m; sourceTree = "<group>"; };
		EAE48A5C1A83B5AF0086F0B6 /* AppDelegate.h */ = {isa = PBXFileReference; lastKnownFileType = sourcecode.c.h; path = AppDelegate.h; sourceTree = "<group>"; };
		EAE48A5D1A83B5AF0086F0B6 /* AppDelegate.m */ = {isa = PBXFileReference; lastKnownFileType = sourcecode.c.objc; path = AppDelegate.m; sourceTree = "<group>"; };
		EAE48A5F1A83B5AF0086F0B6 /* GameViewController.h */ = {isa = PBXFileReference; lastKnownFileType = sourcecode.c.h; path = GameViewController.h; sourceTree = "<group>"; };
		EAE48A601A83B5AF0086F0B6 /* GameViewController.m */ = {isa = PBXFileReference; lastKnownFileType = sourcecode.c.objc; path = GameViewController.m; sourceTree = "<group>"; };
		EAE48A631A83B5AF0086F0B6 /* Base */ = {isa = PBXFileReference; lastKnownFileType = file.storyboard; name = Base; path = Base.lproj/Main.storyboard; sourceTree = "<group>"; };
		EAE48A651A83B5AF0086F0B6 /* Images.xcassets */ = {isa = PBXFileReference; lastKnownFileType = folder.assetcatalog; path = Images.xcassets; sourceTree = "<group>"; };
		EAE48A681A83B5AF0086F0B6 /* Base */ = {isa = PBXFileReference; lastKnownFileType = file.xib; name = Base; path = Base.lproj/LaunchScreen.xib; sourceTree = "<group>"; };
		EAE48A6E1A83B5AF0086F0B6 /* PixelPoemsTests.xctest */ = {isa = PBXFileReference; explicitFileType = wrapper.cfbundle; includeInIndex = 0; path = PixelPoemsTests.xctest; sourceTree = BUILT_PRODUCTS_DIR; };
		EAE48A731A83B5AF0086F0B6 /* Info.plist */ = {isa = PBXFileReference; lastKnownFileType = text.plist.xml; path = Info.plist; sourceTree = "<group>"; };
		EAE48A741A83B5AF0086F0B6 /* FridgeWordsTests.m */ = {isa = PBXFileReference; lastKnownFileType = sourcecode.c.objc; path = FridgeWordsTests.m; sourceTree = "<group>"; };
/* End PBXFileReference section */

/* Begin PBXFrameworksBuildPhase section */
		EAE48A521A83B5AF0086F0B6 /* Frameworks */ = {
			isa = PBXFrameworksBuildPhase;
			buildActionMask = 2147483647;
			files = (
				EA16BDFB1B1951F400FA1FD9 /* libsqlite3.dylib in Frameworks */,
				EA16BDF91B1951EC00FA1FD9 /* libz.dylib in Frameworks */,
				EA16BDF71B1951E100FA1FD9 /* SystemConfiguration.framework in Frameworks */,
				EA16BDF51B1951DA00FA1FD9 /* StoreKit.framework in Frameworks */,
				EA16BDF31B1951D400FA1FD9 /* Security.framework in Frameworks */,
				EA16BDF11B1951CC00FA1FD9 /* QuartzCore.framework in Frameworks */,
				EA16BDEF1B1951C500FA1FD9 /* MobileCoreServices.framework in Frameworks */,
				EA16BDED1B1951BD00FA1FD9 /* CoreLocation.framework in Frameworks */,
				EA16BDEB1B1951B700FA1FD9 /* CoreGraphics.framework in Frameworks */,
				EA16BDE91B1951B100FA1FD9 /* CFNetwork.framework in Frameworks */,
				EA16BDE71B1951AB00FA1FD9 /* AudioToolbox.framework in Frameworks */,
				EA16BDE51B19516400FA1FD9 /* ParseUI.framework in Frameworks */,
				EA16BDE11B19516400FA1FD9 /* Parse.framework in Frameworks */,
				EA16BDE21B19516400FA1FD9 /* ParseCrashReporting.framework in Frameworks */,
				EA16BDE31B19516400FA1FD9 /* ParseFacebookUtils.framework in Frameworks */,
				EA16BDE01B19516400FA1FD9 /* Bolts.framework in Frameworks */,
				EA16BDE41B19516400FA1FD9 /* ParseFacebookUtilsV4.framework in Frameworks */,
			);
			runOnlyForDeploymentPostprocessing = 0;
		};
		EAE48A6B1A83B5AF0086F0B6 /* Frameworks */ = {
			isa = PBXFrameworksBuildPhase;
			buildActionMask = 2147483647;
			files = (
			);
			runOnlyForDeploymentPostprocessing = 0;
		};
/* End PBXFrameworksBuildPhase section */

/* Begin PBXGroup section */
		EA16BDD91B19516400FA1FD9 /* parse-library-1.7.4 */ = {
			isa = PBXGroup;
			children = (
				EA16BDDA1B19516400FA1FD9 /* Bolts.framework */,
				EA16BDDB1B19516400FA1FD9 /* Parse.framework */,
				EA16BDDC1B19516400FA1FD9 /* ParseCrashReporting.framework */,
				EA16BDDD1B19516400FA1FD9 /* ParseFacebookUtils.framework */,
				EA16BDDE1B19516400FA1FD9 /* ParseFacebookUtilsV4.framework */,
				EA16BDDF1B19516400FA1FD9 /* ParseUI.framework */,
			);
			path = "parse-library-1.7.4";
			sourceTree = "<group>";
		};
		EA16BDFC1B19521E00FA1FD9 /* Frameworks */ = {
			isa = PBXGroup;
			children = (
				EA16BDD91B19516400FA1FD9 /* parse-library-1.7.4 */,
				EA16BDFA1B1951F400FA1FD9 /* libsqlite3.dylib */,
				EA16BDF81B1951EC00FA1FD9 /* libz.dylib */,
				EA16BDF61B1951E100FA1FD9 /* SystemConfiguration.framework */,
				EA16BDF41B1951DA00FA1FD9 /* StoreKit.framework */,
				EA16BDF21B1951D400FA1FD9 /* Security.framework */,
				EA16BDF01B1951CC00FA1FD9 /* QuartzCore.framework */,
				EA16BDEE1B1951C500FA1FD9 /* MobileCoreServices.framework */,
				EA16BDEC1B1951BD00FA1FD9 /* CoreLocation.framework */,
				EA16BDEA1B1951B700FA1FD9 /* CoreGraphics.framework */,
				EA16BDE81B1951B100FA1FD9 /* CFNetwork.framework */,
				EA16BDE61B1951AB00FA1FD9 /* AudioToolbox.framework */,
			);
			name = Frameworks;
			sourceTree = "<group>";
		};
		EA829C151B0CFFE60016E201 /* ProximaNova */ = {
			isa = PBXGroup;
			children = (
				EA829C0A1B0CFFE00016E201 /* ProximaNova-Black.otf */,
				EA829C0B1B0CFFE00016E201 /* ProximaNova-Bold.otf */,
				EA829C0C1B0CFFE00016E201 /* ProximaNova-BoldIt.otf */,
				EA829C0D1B0CFFE00016E201 /* ProximaNova-Extrabold.otf */,
				EA829C0E1B0CFFE00016E201 /* ProximaNova-Light.otf */,
				EA829C0F1B0CFFE00016E201 /* ProximaNova-LightItalic.otf */,
				EA829C101B0CFFE00016E201 /* ProximaNova-RegItalic.otf */,
				EA829C111B0CFFE00016E201 /* ProximaNova-Regular.otf */,
				EA829C121B0CFFE00016E201 /* ProximaNova-RegularItalic.otf */,
				EA829C131B0CFFE00016E201 /* ProximaNova-Semibold.otf */,
				EA829C141B0CFFE00016E201 /* ProximaNova-SemiboldItalic.otf */,
			);
			name = ProximaNova;
			path = ..;
			sourceTree = "<group>";
		};
		EAC202831B137DDA001C6692 /* Views */ = {
			isa = PBXGroup;
			children = (
				EA829C041B0CF71F0016E201 /* WordLabel.h */,
				EA829C051B0CF71F0016E201 /* WordLabel.m */,
				EA829C071B0CFB3D0016E201 /* GameView.h */,
				EA829C081B0CFB3D0016E201 /* GameView.m */,
			);
			name = Views;
			sourceTree = "<group>";
		};
		EAD35B5D1AC0C9B800D3901A /* Model */ = {
			isa = PBXGroup;
			children = (
				EAC2028F1B14D823001C6692 /* WordSet.h */,
				EAC202901B14D823001C6692 /* WordSet.m */,
				EAD35B651AC0CBEA00D3901A /* WordPackLoader.h */,
				EAD35B661AC0CBEA00D3901A /* WordPackLoader.m */,
				EAD35B5A1AC0C9B000D3901A /* Level.h */,
				EAD35B5B1AC0C9B000D3901A /* Level.m */,
			);
			name = Model;
			sourceTree = "<group>";
		};
		EAD35B641AC0CB8200D3901A /* Controllers. */ = {
			isa = PBXGroup;
			children = (
				EAE48A5F1A83B5AF0086F0B6 /* GameViewController.h */,
				EAE48A601A83B5AF0086F0B6 /* GameViewController.m */,
			);
			name = Controllers.;
			sourceTree = "<group>";
		};
		EAE48A4C1A83B5AF0086F0B6 = {
			isa = PBXGroup;
			children = (
				EAE48A571A83B5AF0086F0B6 /* PixelPoems */,
				EAE48A711A83B5AF0086F0B6 /* FridgeWordsTests */,
				EAE48A561A83B5AF0086F0B6 /* Products */,
				EA16BDFC1B19521E00FA1FD9 /* Frameworks */,
			);
			sourceTree = "<group>";
		};
		EAE48A561A83B5AF0086F0B6 /* Products */ = {
			isa = PBXGroup;
			children = (
				EAE48A551A83B5AF0086F0B6 /* PixelPoems.app */,
				EAE48A6E1A83B5AF0086F0B6 /* PixelPoemsTests.xctest */,
			);
			name = Products;
			sourceTree = "<group>";
		};
		EAE48A571A83B5AF0086F0B6 /* PixelPoems */ = {
			isa = PBXGroup;
			children = (
				EAC2028C1B14CFBD001C6692 /* NSMutableArray+Shuffling.h */,
				EAC2028D1B14CFBD001C6692 /* NSMutableArray+Shuffling.m */,
				EAC202831B137DDA001C6692 /* Views */,
				EAD35B641AC0CB8200D3901A /* Controllers. */,
				EAD35B5D1AC0C9B800D3901A /* Model */,
				EAE48A621A83B5AF0086F0B6 /* Main.storyboard */,
				EAE48A581A83B5AF0086F0B6 /* Supporting Files */,
			);
			name = PixelPoems;
			path = FridgeWords;
			sourceTree = "<group>";
		};
		EAE48A581A83B5AF0086F0B6 /* Supporting Files */ = {
			isa = PBXGroup;
			children = (
				EAC202841B1380E2001C6692 /* locations.json */,
				EAC202811B137D60001C6692 /* wordPacks.json */,
				EAE48A651A83B5AF0086F0B6 /* Images.xcassets */,
				EAE48A671A83B5AF0086F0B6 /* LaunchScreen.xib */,
				EA829C151B0CFFE60016E201 /* ProximaNova */,
				EAE48A591A83B5AF0086F0B6 /* Info.plist */,
				EAE48A5C1A83B5AF0086F0B6 /* AppDelegate.h */,
				EAE48A5D1A83B5AF0086F0B6 /* AppDelegate.m */,
				EAE48A5A1A83B5AF0086F0B6 /* main.m */,
			);
			name = "Supporting Files";
			sourceTree = "<group>";
		};
		EAE48A711A83B5AF0086F0B6 /* FridgeWordsTests */ = {
			isa = PBXGroup;
			children = (
				EAE48A741A83B5AF0086F0B6 /* FridgeWordsTests.m */,
				EAE48A721A83B5AF0086F0B6 /* Supporting Files */,
			);
			path = FridgeWordsTests;
			sourceTree = "<group>";
		};
		EAE48A721A83B5AF0086F0B6 /* Supporting Files */ = {
			isa = PBXGroup;
			children = (
				EAE48A731A83B5AF0086F0B6 /* Info.plist */,
			);
			name = "Supporting Files";
			sourceTree = "<group>";
		};
/* End PBXGroup section */

/* Begin PBXNativeTarget section */
		EAE48A541A83B5AF0086F0B6 /* PixelPoems */ = {
			isa = PBXNativeTarget;
			buildConfigurationList = EAE48A781A83B5AF0086F0B6 /* Build configuration list for PBXNativeTarget "PixelPoems" */;
			buildPhases = (
				EAE48A511A83B5AF0086F0B6 /* Sources */,
				EAE48A521A83B5AF0086F0B6 /* Frameworks */,
				EAE48A531A83B5AF0086F0B6 /* Resources */,
			);
			buildRules = (
			);
			dependencies = (
			);
			name = PixelPoems;
			productName = FridgeWords;
			productReference = EAE48A551A83B5AF0086F0B6 /* PixelPoems.app */;
			productType = "com.apple.product-type.application";
		};
		EAE48A6D1A83B5AF0086F0B6 /* PixelPoemsTests */ = {
			isa = PBXNativeTarget;
			buildConfigurationList = EAE48A7B1A83B5AF0086F0B6 /* Build configuration list for PBXNativeTarget "PixelPoemsTests" */;
			buildPhases = (
				EAE48A6A1A83B5AF0086F0B6 /* Sources */,
				EAE48A6B1A83B5AF0086F0B6 /* Frameworks */,
				EAE48A6C1A83B5AF0086F0B6 /* Resources */,
			);
			buildRules = (
			);
			dependencies = (
				EAE48A701A83B5AF0086F0B6 /* PBXTargetDependency */,
			);
			name = PixelPoemsTests;
			productName = FridgeWordsTests;
			productReference = EAE48A6E1A83B5AF0086F0B6 /* PixelPoemsTests.xctest */;
			productType = "com.apple.product-type.bundle.unit-test";
		};
/* End PBXNativeTarget section */

/* Begin PBXProject section */
		EAE48A4D1A83B5AF0086F0B6 /* Project object */ = {
			isa = PBXProject;
			attributes = {
				LastUpgradeCheck = 0610;
				ORGANIZATIONNAME = sbastidasr;
				TargetAttributes = {
					EAE48A541A83B5AF0086F0B6 = {
						CreatedOnToolsVersion = 6.1.1;
					};
					EAE48A6D1A83B5AF0086F0B6 = {
						CreatedOnToolsVersion = 6.1.1;
						TestTargetID = EAE48A541A83B5AF0086F0B6;
					};
				};
			};
			buildConfigurationList = EAE48A501A83B5AF0086F0B6 /* Build configuration list for PBXProject "PixelPoems" */;
			compatibilityVersion = "Xcode 3.2";
			developmentRegion = English;
			hasScannedForEncodings = 0;
			knownRegions = (
				en,
				Base,
			);
			mainGroup = EAE48A4C1A83B5AF0086F0B6;
			productRefGroup = EAE48A561A83B5AF0086F0B6 /* Products */;
			projectDirPath = "";
			projectRoot = "";
			targets = (
				EAE48A541A83B5AF0086F0B6 /* PixelPoems */,
				EAE48A6D1A83B5AF0086F0B6 /* PixelPoemsTests */,
			);
		};
/* End PBXProject section */

/* Begin PBXResourcesBuildPhase section */
		EAE48A531A83B5AF0086F0B6 /* Resources */ = {
			isa = PBXResourcesBuildPhase;
			buildActionMask = 2147483647;
			files = (
				EAE48A641A83B5AF0086F0B6 /* Main.storyboard in Resources */,
				EAE48A691A83B5AF0086F0B6 /* LaunchScreen.xib in Resources */,
				EAC202891B1380E2001C6692 /* locations.json in Resources */,
				EA829C261B0D00750016E201 /* ProximaNova-LightItalic.otf in Resources */,
				EA829C231B0D00750016E201 /* ProximaNova-BoldIt.otf in Resources */,
				EA829C2A1B0D00750016E201 /* ProximaNova-Semibold.otf in Resources */,
				EA829C211B0D00720016E201 /* ProximaNova-Black.otf in Resources */,
				EA829C241B0D00750016E201 /* ProximaNova-Extrabold.otf in Resources */,
				EAC202821B137D60001C6692 /* wordPacks.json in Resources */,
				EA829C2B1B0D00750016E201 /* ProximaNova-SemiboldItalic.otf in Resources */,
				EA829C281B0D00750016E201 /* ProximaNova-Regular.otf in Resources */,
				EA829C251B0D00750016E201 /* ProximaNova-Light.otf in Resources */,
				EA829C271B0D00750016E201 /* ProximaNova-RegItalic.otf in Resources */,
				EA829C291B0D00750016E201 /* ProximaNova-RegularItalic.otf in Resources */,
				EAE48A661A83B5AF0086F0B6 /* Images.xcassets in Resources */,
				EA829C221B0D00750016E201 /* ProximaNova-Bold.otf in Resources */,
			);
			runOnlyForDeploymentPostprocessing = 0;
		};
		EAE48A6C1A83B5AF0086F0B6 /* Resources */ = {
			isa = PBXResourcesBuildPhase;
			buildActionMask = 2147483647;
			files = (
			);
			runOnlyForDeploymentPostprocessing = 0;
		};
/* End PBXResourcesBuildPhase section */

/* Begin PBXSourcesBuildPhase section */
		EAE48A511A83B5AF0086F0B6 /* Sources */ = {
			isa = PBXSourcesBuildPhase;
			buildActionMask = 2147483647;
			files = (
				EAC2028E1B14CFBD001C6692 /* NSMutableArray+Shuffling.m in Sources */,
				EAE48A611A83B5AF0086F0B6 /* GameViewController.m in Sources */,
				EAE48A5E1A83B5AF0086F0B6 /* AppDelegate.m in Sources */,
				EA829C091B0CFB3D0016E201 /* GameView.m in Sources */,
				EAD35B671AC0CBEA00D3901A /* WordPackLoader.m in Sources */,
				EAD35B5C1AC0C9B000D3901A /* Level.m in Sources */,
				EAE48A5B1A83B5AF0086F0B6 /* main.m in Sources */,
				EAC202911B14D823001C6692 /* WordSet.m in Sources */,
				EA829C061B0CF71F0016E201 /* WordLabel.m in Sources */,
			);
			runOnlyForDeploymentPostprocessing = 0;
		};
		EAE48A6A1A83B5AF0086F0B6 /* Sources */ = {
			isa = PBXSourcesBuildPhase;
			buildActionMask = 2147483647;
			files = (
				EAE48A751A83B5AF0086F0B6 /* FridgeWordsTests.m in Sources */,
			);
			runOnlyForDeploymentPostprocessing = 0;
		};
/* End PBXSourcesBuildPhase section */

/* Begin PBXTargetDependency section */
		EAE48A701A83B5AF0086F0B6 /* PBXTargetDependency */ = {
			isa = PBXTargetDependency;
			target = EAE48A541A83B5AF0086F0B6 /* PixelPoems */;
			targetProxy = EAE48A6F1A83B5AF0086F0B6 /* PBXContainerItemProxy */;
		};
/* End PBXTargetDependency section */

/* Begin PBXVariantGroup section */
		EAE48A621A83B5AF0086F0B6 /* Main.storyboard */ = {
			isa = PBXVariantGroup;
			children = (
				EAE48A631A83B5AF0086F0B6 /* Base */,
			);
			name = Main.storyboard;
			sourceTree = "<group>";
		};
		EAE48A671A83B5AF0086F0B6 /* LaunchScreen.xib */ = {
			isa = PBXVariantGroup;
			children = (
				EAE48A681A83B5AF0086F0B6 /* Base */,
			);
			name = LaunchScreen.xib;
			sourceTree = "<group>";
		};
/* End PBXVariantGroup section */

/* Begin XCBuildConfiguration section */
		EAE48A761A83B5AF0086F0B6 /* Debug */ = {
			isa = XCBuildConfiguration;
			buildSettings = {
				ALWAYS_SEARCH_USER_PATHS = NO;
				CLANG_CXX_LANGUAGE_STANDARD = "gnu++0x";
				CLANG_CXX_LIBRARY = "libc++";
				CLANG_ENABLE_MODULES = YES;
				CLANG_ENABLE_OBJC_ARC = YES;
				CLANG_WARN_BOOL_CONVERSION = YES;
				CLANG_WARN_CONSTANT_CONVERSION = YES;
				CLANG_WARN_DIRECT_OBJC_ISA_USAGE = YES_ERROR;
				CLANG_WARN_EMPTY_BODY = YES;
				CLANG_WARN_ENUM_CONVERSION = YES;
				CLANG_WARN_INT_CONVERSION = YES;
				CLANG_WARN_OBJC_ROOT_CLASS = YES_ERROR;
				CLANG_WARN_UNREACHABLE_CODE = YES;
				CLANG_WARN__DUPLICATE_METHOD_MATCH = YES;
				"CODE_SIGN_IDENTITY[sdk=iphoneos*]" = "iPhone Developer";
				COPY_PHASE_STRIP = NO;
				ENABLE_STRICT_OBJC_MSGSEND = YES;
				GCC_C_LANGUAGE_STANDARD = gnu99;
				GCC_DYNAMIC_NO_PIC = NO;
				GCC_OPTIMIZATION_LEVEL = 0;
				GCC_PREPROCESSOR_DEFINITIONS = (
					"DEBUG=1",
					"$(inherited)",
				);
				GCC_SYMBOLS_PRIVATE_EXTERN = NO;
				GCC_WARN_64_TO_32_BIT_CONVERSION = YES;
				GCC_WARN_ABOUT_RETURN_TYPE = YES_ERROR;
				GCC_WARN_UNDECLARED_SELECTOR = YES;
				GCC_WARN_UNINITIALIZED_AUTOS = YES_AGGRESSIVE;
				GCC_WARN_UNUSED_FUNCTION = YES;
				GCC_WARN_UNUSED_VARIABLE = YES;
				IPHONEOS_DEPLOYMENT_TARGET = 8.1;
				MTL_ENABLE_DEBUG_INFO = YES;
				ONLY_ACTIVE_ARCH = YES;
				SDKROOT = iphoneos;
			};
			name = Debug;
		};
		EAE48A771A83B5AF0086F0B6 /* Release */ = {
			isa = XCBuildConfiguration;
			buildSettings = {
				ALWAYS_SEARCH_USER_PATHS = NO;
				CLANG_CXX_LANGUAGE_STANDARD = "gnu++0x";
				CLANG_CXX_LIBRARY = "libc++";
				CLANG_ENABLE_MODULES = YES;
				CLANG_ENABLE_OBJC_ARC = YES;
				CLANG_WARN_BOOL_CONVERSION = YES;
				CLANG_WARN_CONSTANT_CONVERSION = YES;
				CLANG_WARN_DIRECT_OBJC_ISA_USAGE = YES_ERROR;
				CLANG_WARN_EMPTY_BODY = YES;
				CLANG_WARN_ENUM_CONVERSION = YES;
				CLANG_WARN_INT_CONVERSION = YES;
				CLANG_WARN_OBJC_ROOT_CLASS = YES_ERROR;
				CLANG_WARN_UNREACHABLE_CODE = YES;
				CLANG_WARN__DUPLICATE_METHOD_MATCH = YES;
				"CODE_SIGN_IDENTITY[sdk=iphoneos*]" = "iPhone Developer";
				COPY_PHASE_STRIP = YES;
				ENABLE_NS_ASSERTIONS = NO;
				ENABLE_STRICT_OBJC_MSGSEND = YES;
				GCC_C_LANGUAGE_STANDARD = gnu99;
				GCC_WARN_64_TO_32_BIT_CONVERSION = YES;
				GCC_WARN_ABOUT_RETURN_TYPE = YES_ERROR;
				GCC_WARN_UNDECLARED_SELECTOR = YES;
				GCC_WARN_UNINITIALIZED_AUTOS = YES_AGGRESSIVE;
				GCC_WARN_UNUSED_FUNCTION = YES;
				GCC_WARN_UNUSED_VARIABLE = YES;
				IPHONEOS_DEPLOYMENT_TARGET = 8.1;
				MTL_ENABLE_DEBUG_INFO = NO;
				SDKROOT = iphoneos;
				VALIDATE_PRODUCT = YES;
			};
			name = Release;
		};
		EAE48A791A83B5AF0086F0B6 /* Debug */ = {
			isa = XCBuildConfiguration;
			buildSettings = {
				ASSETCATALOG_COMPILER_APPICON_NAME = AppIcon;
				FRAMEWORK_SEARCH_PATHS = (
					"$(inherited)",
					"$(PROJECT_DIR)/parse-library-1.7.4",
				);
				INFOPLIST_FILE = FridgeWords/Info.plist;
				LD_RUNPATH_SEARCH_PATHS = "$(inherited) @executable_path/Frameworks";
				PRODUCT_NAME = "$(TARGET_NAME)";
				TARGETED_DEVICE_FAMILY = "1,2";
			};
			name = Debug;
		};
		EAE48A7A1A83B5AF0086F0B6 /* Release */ = {
			isa = XCBuildConfiguration;
			buildSettings = {
				ASSETCATALOG_COMPILER_APPICON_NAME = AppIcon;
				FRAMEWORK_SEARCH_PATHS = (
					"$(inherited)",
					"$(PROJECT_DIR)/parse-library-1.7.4",
				);
				INFOPLIST_FILE = FridgeWords/Info.plist;
				LD_RUNPATH_SEARCH_PATHS = "$(inherited) @executable_path/Frameworks";
				PRODUCT_NAME = "$(TARGET_NAME)";
				TARGETED_DEVICE_FAMILY = "1,2";
			};
			name = Release;
		};
		EAE48A7C1A83B5AF0086F0B6 /* Debug */ = {
			isa = XCBuildConfiguration;
			buildSettings = {
				BUNDLE_LOADER = "$(TEST_HOST)";
				FRAMEWORK_SEARCH_PATHS = (
					"$(SDKROOT)/Developer/Library/Frameworks",
					"$(inherited)",
				);
				GCC_PREPROCESSOR_DEFINITIONS = (
					"DEBUG=1",
					"$(inherited)",
				);
				INFOPLIST_FILE = FridgeWordsTests/Info.plist;
				LD_RUNPATH_SEARCH_PATHS = "$(inherited) @executable_path/Frameworks @loader_path/Frameworks";
				PRODUCT_NAME = "$(TARGET_NAME)";
				TEST_HOST = "$(BUILT_PRODUCTS_DIR)/FridgeWords.app/FridgeWords";
			};
			name = Debug;
		};
		EAE48A7D1A83B5AF0086F0B6 /* Release */ = {
			isa = XCBuildConfiguration;
			buildSettings = {
				BUNDLE_LOADER = "$(TEST_HOST)";
				FRAMEWORK_SEARCH_PATHS = (
					"$(SDKROOT)/Developer/Library/Frameworks",
					"$(inherited)",
				);
				INFOPLIST_FILE = FridgeWordsTests/Info.plist;
				LD_RUNPATH_SEARCH_PATHS = "$(inherited) @executable_path/Frameworks @loader_path/Frameworks";
				PRODUCT_NAME = "$(TARGET_NAME)";
				TEST_HOST = "$(BUILT_PRODUCTS_DIR)/FridgeWords.app/FridgeWords";
			};
			name = Release;
		};
/* End XCBuildConfiguration section */

/* Begin XCConfigurationList section */
		EAE48A501A83B5AF0086F0B6 /* Build configuration list for PBXProject "PixelPoems" */ = {
			isa = XCConfigurationList;
			buildConfigurations = (
				EAE48A761A83B5AF0086F0B6 /* Debug */,
				EAE48A771A83B5AF0086F0B6 /* Release */,
			);
			defaultConfigurationIsVisible = 0;
			defaultConfigurationName = Release;
		};
		EAE48A781A83B5AF0086F0B6 /* Build configuration list for PBXNativeTarget "PixelPoems" */ = {
			isa = XCConfigurationList;
			buildConfigurations = (
				EAE48A791A83B5AF0086F0B6 /* Debug */,
				EAE48A7A1A83B5AF0086F0B6 /* Release */,
			);
			defaultConfigurationIsVisible = 0;
			defaultConfigurationName = Release;
		};
		EAE48A7B1A83B5AF0086F0B6 /* Build configuration list for PBXNativeTarget "PixelPoemsTests" */ = {
			isa = XCConfigurationList;
			buildConfigurations = (
				EAE48A7C1A83B5AF0086F0B6 /* Debug */,
				EAE48A7D1A83B5AF0086F0B6 /* Release */,
			);
			defaultConfigurationIsVisible = 0;
			defaultConfigurationName = Release;
		};
/* End XCConfigurationList section */
	};
	rootObject = EAE48A4D1A83B5AF0086F0B6 /* Project object */;
}
